// !$*UTF8*$!
{
	archiveVersion = 1;
	classes = {
	};
	objectVersion = 46;
	objects = {

/* Begin PBXBuildFile section */
		52AC20C418BF6D050095DB16 /* Foundation.framework in Frameworks */ = {isa = PBXBuildFile; fileRef = 52AC20C318BF6D050095DB16 /* Foundation.framework */; };
		52AC20C618BF6D050095DB16 /* CoreGraphics.framework in Frameworks */ = {isa = PBXBuildFile; fileRef = 52AC20C518BF6D050095DB16 /* CoreGraphics.framework */; };
		52AC20C818BF6D050095DB16 /* UIKit.framework in Frameworks */ = {isa = PBXBuildFile; fileRef = 52AC20C718BF6D050095DB16 /* UIKit.framework */; };
		52AC20CE18BF6D050095DB16 /* InfoPlist.strings in Resources */ = {isa = PBXBuildFile; fileRef = 52AC20CC18BF6D050095DB16 /* InfoPlist.strings */; };
		52AC20D018BF6D050095DB16 /* main.m in Sources */ = {isa = PBXBuildFile; fileRef = 52AC20CF18BF6D050095DB16 /* main.m */; };
		52AC20D418BF6D050095DB16 /* AppDelegate.m in Sources */ = {isa = PBXBuildFile; fileRef = 52AC20D318BF6D050095DB16 /* AppDelegate.m */; };
		52AC20D618BF6D050095DB16 /* Images.xcassets in Resources */ = {isa = PBXBuildFile; fileRef = 52AC20D518BF6D050095DB16 /* Images.xcassets */; };
/* End PBXBuildFile section */

/* Begin PBXFileReference section */
		52AC20C018BF6D050095DB16 /* GCDGroupsDemo.app */ = {isa = PBXFileReference; explicitFileType = wrapper.application; includeInIndex = 0; path = GCDGroupsDemo.app; sourceTree = BUILT_PRODUCTS_DIR; };
		52AC20C318BF6D050095DB16 /* Foundation.framework */ = {isa = PBXFileReference; lastKnownFileType = wrapper.framework; name = Foundation.framework; path = System/Library/Frameworks/Foundation.framework; sourceTree = SDKROOT; };
		52AC20C518BF6D050095DB16 /* CoreGraphics.framework */ = {isa = PBXFileReference; lastKnownFileType = wrapper.framework; name = CoreGraphics.framework; path = System/Library/Frameworks/CoreGraphics.framework; sourceTree = SDKROOT; };
		52AC20C718BF6D050095DB16 /* UIKit.framework */ = {isa = PBXFileReference; lastKnownFileType = wrapper.framework; name = UIKit.framework; path = System/Library/Frameworks/UIKit.framework; sourceTree = SDKROOT; };
		52AC20CB18BF6D050095DB16 /* GCDGroupsDemo-Info.plist */ = {isa = PBXFileReference; lastKnownFileType = text.plist.xml; path = "GCDGroupsDemo-Info.plist"; sourceTree = "<group>"; };
		52AC20CD18BF6D050095DB16 /* en */ = {isa = PBXFileReference; lastKnownFileType = text.plist.strings; name = en; path = en.lproj/InfoPlist.strings; sourceTree = "<group>"; };
		52AC20CF18BF6D050095DB16 /* main.m */ = {isa = PBXFileReference; lastKnownFileType = sourcecode.c.objc; path = main.m; sourceTree = "<group>"; };
		52AC20D118BF6D050095DB16 /* GCDGroupsDemo-Prefix.pch */ = {isa = PBXFileReference; lastKnownFileType = sourcecode.c.h; path = "GCDGroupsDemo-Prefix.pch"; sourceTree = "<group>"; };
		52AC20D218BF6D050095DB16 /* AppDelegate.h */ = {isa = PBXFileReference; lastKnownFileType = sourcecode.c.h; path = AppDelegate.h; sourceTree = "<group>"; };
		52AC20D318BF6D050095DB16 /* AppDelegate.m */ = {isa = PBXFileReference; lastKnownFileType = sourcecode.c.objc; path = AppDelegate.m; sourceTree = "<group>"; };
		52AC20D518BF6D050095DB16 /* Images.xcassets */ = {isa = PBXFileReference; lastKnownFileType = folder.assetcatalog; path = Images.xcassets; sourceTree = "<group>"; };
		52AC20DC18BF6D050095DB16 /* XCTest.framework */ = {isa = PBXFileReference; lastKnownFileType = wrapper.framework; name = XCTest.framework; path = Library/Frameworks/XCTest.framework; sourceTree = DEVELOPER_DIR; };
/* End PBXFileReference section */

/* Begin PBXFrameworksBuildPhase section */
		52AC20BD18BF6D050095DB16 /* Frameworks */ = {
			isa = PBXFrameworksBuildPhase;
			buildActionMask = 2147483647;
			files = (
				52AC20C618BF6D050095DB16 /* CoreGraphics.framework in Frameworks */,
				52AC20C818BF6D050095DB16 /* UIKit.framework in Frameworks */,
				52AC20C418BF6D050095DB16 /* Foundation.framework in Frameworks */,
			);
			runOnlyForDeploymentPostprocessing = 0;
		};
/* End PBXFrameworksBuildPhase section */

/* Begin PBXGroup section */
		52AC20B718BF6D050095DB16 = {
			isa = PBXGroup;
			children = (
				52AC20C918BF6D050095DB16 /* GCDGroupsDemo */,
				52AC20C218BF6D050095DB16 /* Frameworks */,
				52AC20C118BF6D050095DB16 /* Products */,
			);
			sourceTree = "<group>";
		};
		52AC20C118BF6D050095DB16 /* Products */ = {
			isa = PBXGroup;
			children = (
				52AC20C018BF6D050095DB16 /* GCDGroupsDemo.app */,
			);
			name = Products;
			sourceTree = "<group>";
		};
		52AC20C218BF6D050095DB16 /* Frameworks */ = {
			isa = PBXGroup;
			children = (
				52AC20C318BF6D050095DB16 /* Foundation.framework */,
				52AC20C518BF6D050095DB16 /* CoreGraphics.framework */,
				52AC20C718BF6D050095DB16 /* UIKit.framework */,
				52AC20DC18BF6D050095DB16 /* XCTest.framework */,
			);
			name = Frameworks;
			sourceTree = "<group>";
		};
		52AC20C918BF6D050095DB16 /* GCDGroupsDemo */ = {
			isa = PBXGroup;
			children = (
				52AC20D218BF6D050095DB16 /* AppDelegate.h */,
				52AC20D318BF6D050095DB16 /* AppDelegate.m */,
				52AC20CA18BF6D050095DB16 /* Supporting Files */,
			);
			path = GCDGroupsDemo;
			sourceTree = "<group>";
		};
		52AC20CA18BF6D050095DB16 /* Supporting Files */ = {
			isa = PBXGroup;
			children = (
				52AC20D518BF6D050095DB16 /* Images.xcassets */,
				52AC20CB18BF6D050095DB16 /* GCDGroupsDemo-Info.plist */,
				52AC20CC18BF6D050095DB16 /* InfoPlist.strings */,
				52AC20CF18BF6D050095DB16 /* main.m */,
				52AC20D118BF6D050095DB16 /* GCDGroupsDemo-Prefix.pch */,
			);
			name = "Supporting Files";
			sourceTree = "<group>";
		};
/* End PBXGroup section */

/* Begin PBXNativeTarget section */
		52AC20BF18BF6D050095DB16 /* GCDGroupsDemo */ = {
			isa = PBXNativeTarget;
			buildConfigurationList = 52AC20EC18BF6D050095DB16 /* Build configuration list for PBXNativeTarget "GCDGroupsDemo" */;
			buildPhases = (
				52AC20BC18BF6D050095DB16 /* Sources */,
				52AC20BD18BF6D050095DB16 /* Frameworks */,
				52AC20BE18BF6D050095DB16 /* Resources */,
			);
			buildRules = (
			);
			dependencies = (
			);
			name = GCDGroupsDemo;
			productName = GCDGroupsDemo;
			productReference = 52AC20C018BF6D050095DB16 /* GCDGroupsDemo.app */;
			productType = "com.apple.product-type.application";
		};
/* End PBXNativeTarget section */

/* Begin PBXProject section */
		52AC20B818BF6D050095DB16 /* Project object */ = {
			isa = PBXProject;
			attributes = {
				LastUpgradeCheck = 0500;
				ORGANIZATIONNAME = "Maciej Sienkiewicz";
			};
			buildConfigurationList = 52AC20BB18BF6D050095DB16 /* Build configuration list for PBXProject "GCDGroupsDemo" */;
			compatibilityVersion = "Xcode 3.2";
			developmentRegion = English;
			hasScannedForEncodings = 0;
			knownRegions = (
				en,
			);
			mainGroup = 52AC20B718BF6D050095DB16;
			productRefGroup = 52AC20C118BF6D050095DB16 /* Products */;
			projectDirPath = "";
			projectRoot = "";
			targets = (
				52AC20BF18BF6D050095DB16 /* GCDGroupsDemo */,
			);
		};
/* End PBXProject section */

/* Begin PBXResourcesBuildPhase section */
		52AC20BE18BF6D050095DB16 /* Resources */ = {
			isa = PBXResourcesBuildPhase;
			buildActionMask = 2147483647;
			files = (
				52AC20CE18BF6D050095DB16 /* InfoPlist.strings in Resources */,
				52AC20D618BF6D050095DB16 /* Images.xcassets in Resources */,
			);
			runOnlyForDeploymentPostprocessing = 0;
		};
/* End PBXResourcesBuildPhase section */

/* Begin PBXSourcesBuildPhase section */
		52AC20BC18BF6D050095DB16 /* Sources */ = {
			isa = PBXSourcesBuildPhase;
			buildActionMask = 2147483647;
			files = (
				52AC20D418BF6D050095DB16 /* AppDelegate.m in Sources */,
				52AC20D018BF6D050095DB16 /* main.m in Sources */,
			);
			runOnlyForDeploymentPostprocessing = 0;
		};
/* End PBXSourcesBuildPhase section */

/* Begin PBXVariantGroup section */
		52AC20CC18BF6D050095DB16 /* InfoPlist.strings */ = {
			isa = PBXVariantGroup;
			children = (
				52AC20CD18BF6D050095DB16 /* en */,
			);
			name = InfoPlist.strings;
			sourceTree = "<group>";
		};
/* End PBXVariantGroup section */

/* Begin XCBuildConfiguration section */
		52AC20EA18BF6D050095DB16 /* Debug */ = {
			isa = XCBuildConfiguration;
			buildSettings = {
				ALWAYS_SEARCH_USER_PATHS = NO;
				ARCHS = "$(ARCHS_STANDARD_INCLUDING_64_BIT)";
				CLANG_CXX_LANGUAGE_STANDARD = "gnu++0x";
				CLANG_CXX_LIBRARY = "libc++";
				CLANG_ENABLE_MODULES = YES;
				CLANG_ENABLE_OBJC_ARC = YES;
				CLANG_WARN_BOOL_CONVERSION = YES;
				CLANG_WARN_CONSTANT_CONVERSION = YES;
				CLANG_WARN_DIRECT_OBJC_ISA_USAGE = YES_ERROR;
				CLANG_WARN_EMPTY_BODY = YES;
				CLANG_WARN_ENUM_CONVERSION = YES;
				CLANG_WARN_INT_CONVERSION = YES;
				CLANG_WARN_OBJC_ROOT_CLASS = YES_ERROR;
				CLANG_WARN__DUPLICATE_METHOD_MATCH = YES;
				"CODE_SIGN_IDENTITY[sdk=iphoneos*]" = "iPhone Developer";
				COPY_PHASE_STRIP = NO;
				GCC_C_LANGUAGE_STANDARD = gnu99;
				GCC_DYNAMIC_NO_PIC = NO;
				GCC_OPTIMIZATION_LEVEL = 0;
				GCC_PREPROCESSOR_DEFINITIONS = (
					"DEBUG=1",
					"$(inherited)",
				);
				GCC_SYMBOLS_PRIVATE_EXTERN = NO;
				GCC_WARN_64_TO_32_BIT_CONVERSION = YES;
				GCC_WARN_ABOUT_RETURN_TYPE = YES_ERROR;
				GCC_WARN_UNDECLARED_SELECTOR = YES;
				GCC_WARN_UNINITIALIZED_AUTOS = YES;
				GCC_WARN_UNUSED_FUNCTION = YES;
				GCC_WARN_UNUSED_VARIABLE = YES;
				IPHONEOS_DEPLOYMENT_TARGET = 7.0;
				ONLY_ACTIVE_ARCH = YES;
				SDKROOT = iphoneos;
				TARGETED_DEVICE_FAMILY = "1,2";
			};
			name = Debug;
		};
		52AC20EB18BF6D050095DB16 /* Release */ = {
			isa = XCBuildConfiguration;
			buildSettings = {
				ALWAYS_SEARCH_USER_PATHS = NO;
				ARCHS = "$(ARCHS_STANDARD_INCLUDING_64_BIT)";
				CLANG_CXX_LANGUAGE_STANDARD = "gnu++0x";
				CLANG_CXX_LIBRARY = "libc++";
				CLANG_ENABLE_MODULES = YES;
				CLANG_ENABLE_OBJC_ARC = YES;
				CLANG_WARN_BOOL_CONVERSION = YES;
				CLANG_WARN_CONSTANT_CONVERSION = YES;
				CLANG_WARN_DIRECT_OBJC_ISA_USAGE = YES_ERROR;
				CLANG_WARN_EMPTY_BODY = YES;
				CLANG_WARN_ENUM_CONVERSION = YES;
				CLANG_WARN_INT_CONVERSION = YES;
				CLANG_WARN_OBJC_ROOT_CLASS = YES_ERROR;
				CLANG_WARN__DUPLICATE_METHOD_MATCH = YES;
				"CODE_SIGN_IDENTITY[sdk=iphoneos*]" = "iPhone Developer";
				COPY_PHASE_STRIP = YES;
				ENABLE_NS_ASSERTIONS = NO;
				GCC_C_LANGUAGE_STANDARD = gnu99;
				GCC_WARN_64_TO_32_BIT_CONVERSION = YES;
				GCC_WARN_ABOUT_RETURN_TYPE = YES_ERROR;
				GCC_WARN_UNDECLARED_SELECTOR = YES;
				GCC_WARN_UNINITIALIZED_AUTOS = YES;
				GCC_WARN_UNUSED_FUNCTION = YES;
				GCC_WARN_UNUSED_VARIABLE = YES;
				IPHONEOS_DEPLOYMENT_TARGET = 7.0;
				SDKROOT = iphoneos;
				TARGETED_DEVICE_FAMILY = "1,2";
				VALIDATE_PRODUCT = YES;
			};
			name = Release;
		};
		52AC20ED18BF6D050095DB16 /* Debug */ = {
			isa = XCBuildConfiguration;
			buildSettings = {
				ASSETCATALOG_COMPILER_APPICON_NAME = AppIcon;
				ASSETCATALOG_COMPILER_LAUNCHIMAGE_NAME = LaunchImage;
				GCC_PRECOMPILE_PREFIX_HEADER = YES;
				GCC_PREFIX_HEADER = "GCDGroupsDemo/GCDGroupsDemo-Prefix.pch";
				INFOPLIST_FILE = "GCDGroupsDemo/GCDGroupsDemo-Info.plist";
				PRODUCT_NAME = "$(TARGET_NAME)";
				WRAPPER_EXTENSION = app;
			};
			name = Debug;
		};
		52AC20EE18BF6D050095DB16 /* Release */ = {
			isa = XCBuildConfiguration;
			buildSettings = {
				ASSETCATALOG_COMPILER_APPICON_NAME = AppIcon;
				ASSETCATALOG_COMPILER_LAUNCHIMAGE_NAME = LaunchImage;
				GCC_PRECOMPILE_PREFIX_HEADER = YES;
				GCC_PREFIX_HEADER = "GCDGroupsDemo/GCDGroupsDemo-Prefix.pch";
				INFOPLIST_FILE = "GCDGroupsDemo/GCDGroupsDemo-Info.plist";
				PRODUCT_NAME = "$(TARGET_NAME)";
				WRAPPER_EXTENSION = app;
			};
			name = Release;
		};
/* End XCBuildConfiguration section */

/* Begin XCConfigurationList section */
		52AC20BB18BF6D050095DB16 /* Build configuration list for PBXProject "GCDGroupsDemo" */ = {
			isa = XCConfigurationList;
			buildConfigurations = (
				52AC20EA18BF6D050095DB16 /* Debug */,
				52AC20EB18BF6D050095DB16 /* Release */,
			);
			defaultConfigurationIsVisible = 0;
			defaultConfigurationName = Release;
		};
		52AC20EC18BF6D050095DB16 /* Build configuration list for PBXNativeTarget "GCDGroupsDemo" */ = {
			isa = XCConfigurationList;
			buildConfigurations = (
				52AC20ED18BF6D050095DB16 /* Debug */,
				52AC20EE18BF6D050095DB16 /* Release */,
			);
			defaultConfigurationIsVisible = 0;
		};
/* End XCConfigurationList section */
	};
	rootObject = 52AC20B818BF6D050095DB16 /* Project object */;
}
